
Microsoft Visual Studio Solution File, Format Version 12.00
# Visual Studio 15
VisualStudioVersion = 15.0.27130.2010
MinimumVisualStudioVersion = 10.0.40219.1
Project("{F184B08F-C81C-45F6-A57F-5ABD9991F28F}") = "LeagueManager", "LeagueManager\LeagueManager.vbproj", "{14C4C253-63AA-484E-BDB2-F25629E79ABD}"
EndProject
Global
	GlobalSection(SolutionConfigurationPlatforms) = preSolution
		Debug|Any CPU = Debug|Any CPU
		Debug|x86 = Debug|x86
		Release|Any CPU = Release|Any CPU
		Release|x86 = Release|x86
	EndGlobalSection
	GlobalSection(ProjectConfigurationPlatforms) = postSolution
		{14C4C253-63AA-484E-BDB2-F25629E79ABD}.Debug|Any CPU.ActiveCfg = Debug|Any CPU
		{14C4C253-63AA-484E-BDB2-F25629E79ABD}.Debug|Any CPU.Build.0 = Debug|Any CPU
		{14C4C253-63AA-484E-BDB2-F25629E79ABD}.Debug|x86.ActiveCfg = Debug|x86
		{14C4C253-63AA-484E-BDB2-F25629E79ABD}.Debug|x86.Build.0 = Debug|x86
		{14C4C253-63AA-484E-BDB2-F25629E79ABD}.Release|Any CPU.ActiveCfg = Release|Any CPU
		{14C4C253-63AA-484E-BDB2-F25629E79ABD}.Release|Any CPU.Build.0 = Release|Any CPU
		{14C4C253-63AA-484E-BDB2-F25629E79ABD}.Release|x86.ActiveCfg = Release|x86
		{14C4C253-63AA-484E-BDB2-F25629E79ABD}.Release|x86.Build.0 = Release|x86
	EndGlobalSection
	GlobalSection(SolutionProperties) = preSolution
		HideSolutionNode = FALSE
	EndGlobalSection
	GlobalSection(ExtensibilityGlobals) = postSolution
		SolutionGuid = {47E11E2F-D047-47C2-8168-896BE8B89B0E}
	EndGlobalSection
EndGlobal
